{
  "version": "5",
  "specifiers": {
    "jsr:@nodef/extra-sql@0.1.2": "0.1.2",
    "jsr:@nodef/infoods@*": "0.3.3",
    "jsr:@nodef/infoods@0.3.6": "0.3.6",
    "jsr:@std/bytes@^1.0.5": "1.0.5",
    "jsr:@std/csv@1.0.5": "1.0.5",
    "jsr:@std/path@*": "1.0.9",
    "jsr:@std/path@1.0.8": "1.0.8",
    "jsr:@std/streams@^1.0.8": "1.0.9",
    "npm:lunr@2.3.9": "2.3.9"
  },
  "jsr": {
    "@nodef/extra-sql@0.1.2": {
      "integrity": "915e7c47145f6f7e64ac04ab1b12c09cc3ef1964e72cd3241f7be423f6d0be8a"
    },
    "@nodef/infoods@0.3.3": {
      "integrity": "7eaf8de792dd46005dcacbd00f0542b71744e11a62071a7ca96ebce3070884a8",
      "dependencies": [
        "jsr:@nodef/extra-sql",
        "jsr:@std/csv",
        "jsr:@std/path@1.0.8",
        "npm:lunr"
      ]
    },
    "@nodef/infoods@0.3.6": {
      "integrity": "6de4a91c4e8b46ddd71ed20996803ea2ea1cd460f7c050694ac32f39091598eb",
      "dependencies": [
        "jsr:@nodef/extra-sql",
        "jsr:@std/csv",
        "jsr:@std/path@1.0.8",
        "npm:lunr"
      ]
    },
    "@std/bytes@1.0.5": {
      "integrity": "4465dd739d7963d964c809202ebea6d5c6b8e3829ef25c6a224290fbb8a1021e"
    },
    "@std/csv@1.0.5": {
      "integrity": "02006ffd77e84b2bf01968d4e792f0b5cba057c73dc6a89accb96d803493675f",
      "dependencies": [
        "jsr:@std/streams"
      ]
    },
    "@std/path@1.0.8": {
      "integrity": "548fa456bb6a04d3c1a1e7477986b6cffbce95102d0bb447c67c4ee70e0364be"
    },
    "@std/path@1.0.9": {
      "integrity": "260a49f11edd3db93dd38350bf9cd1b4d1366afa98e81b86167b4e3dd750129e"
    },
    "@std/streams@1.0.9": {
      "integrity": "a9d26b1988cdd7aa7b1f4b51e1c36c1557f3f252880fa6cc5b9f37078b1a5035",
      "dependencies": [
        "jsr:@std/bytes"
      ]
    }
  },
  "npm": {
    "lunr@2.3.9": {
      "integrity": "sha512-zTU3DaZaF3Rt9rhN3uBMGQD3dD2/vFQqnvZCDv4dl5iOzq2IZQqTxu90r4E5J+nP70J3ilqVCrbho2eWaeW8Ow=="
    }
  }
}
